// !$*UTF8*$!
{
	archiveVersion = 1;
	classes = {
	};
	objectVersion = 46;
	objects = {

/* Begin PBXBuildFile section */
		29F6CC9E1BC7F20B001A6657 /* main.m in Sources */ = {isa = PBXBuildFile; fileRef = 29F6CC9D1BC7F20B001A6657 /* main.m */; };
		29F6CCA11BC7F20B001A6657 /* AppDelegate.m in Sources */ = {isa = PBXBuildFile; fileRef = 29F6CCA01BC7F20B001A6657 /* AppDelegate.m */; };
		29F6CCA41BC7F20B001A6657 /* ViewController.m in Sources */ = {isa = PBXBuildFile; fileRef = 29F6CCA31BC7F20B001A6657 /* ViewController.m */; };
		29F6CCA71BC7F20B001A6657 /* Main.storyboard in Resources */ = {isa = PBXBuildFile; fileRef = 29F6CCA51BC7F20B001A6657 /* Main.storyboard */; };
		29F6CCA91BC7F20B001A6657 /* Assets.xcassets in Resources */ = {isa = PBXBuildFile; fileRef = 29F6CCA81BC7F20B001A6657 /* Assets.xcassets */; };
		29F6CCAC1BC7F20B001A6657 /* LaunchScreen.storyboard in Resources */ = {isa = PBXBuildFile; fileRef = 29F6CCAA1BC7F20B001A6657 /* LaunchScreen.storyboard */; };
/* End PBXBuildFile section */

/* Begin PBXFileReference section */
		29F6CC991BC7F20A001A6657 /* TestTask.app */ = {isa = PBXFileReference; explicitFileType = wrapper.application; includeInIndex = 0; path = TestTask.app; sourceTree = BUILT_PRODUCTS_DIR; };
		29F6CC9D1BC7F20B001A6657 /* main.m */ = {isa = PBXFileReference; lastKnownFileType = sourcecode.c.objc; path = main.m; sourceTree = "<group>"; };
		29F6CC9F1BC7F20B001A6657 /* AppDelegate.h */ = {isa = PBXFileReference; lastKnownFileType = sourcecode.c.h; path = AppDelegate.h; sourceTree = "<group>"; };
		29F6CCA01BC7F20B001A6657 /* AppDelegate.m */ = {isa = PBXFileReference; lastKnownFileType = sourcecode.c.objc; path = AppDelegate.m; sourceTree = "<group>"; };
		29F6CCA21BC7F20B001A6657 /* ViewController.h */ = {isa = PBXFileReference; lastKnownFileType = sourcecode.c.h; path = ViewController.h; sourceTree = "<group>"; };
		29F6CCA31BC7F20B001A6657 /* ViewController.m */ = {isa = PBXFileReference; lastKnownFileType = sourcecode.c.objc; path = ViewController.m; sourceTree = "<group>"; };
		29F6CCA61BC7F20B001A6657 /* Base */ = {isa = PBXFileReference; lastKnownFileType = file.storyboard; name = Base; path = Base.lproj/Main.storyboard; sourceTree = "<group>"; };
		29F6CCA81BC7F20B001A6657 /* Assets.xcassets */ = {isa = PBXFileReference; lastKnownFileType = folder.assetcatalog; path = Assets.xcassets; sourceTree = "<group>"; };
		29F6CCAB1BC7F20B001A6657 /* Base */ = {isa = PBXFileReference; lastKnownFileType = file.storyboard; name = Base; path = Base.lproj/LaunchScreen.storyboard; sourceTree = "<group>"; };
		29F6CCAD1BC7F20B001A6657 /* Info.plist */ = {isa = PBXFileReference; lastKnownFileType = text.plist.xml; path = Info.plist; sourceTree = "<group>"; };
/* End PBXFileReference section */

/* Begin PBXFrameworksBuildPhase section */
		29F6CC961BC7F20A001A6657 /* Frameworks */ = {
			isa = PBXFrameworksBuildPhase;
			buildActionMask = 2147483647;
			files = (
			);
			runOnlyForDeploymentPostprocessing = 0;
		};
/* End PBXFrameworksBuildPhase section */

/* Begin PBXGroup section */
		29F6CC901BC7F20A001A6657 = {
			isa = PBXGroup;
			children = (
				29F6CC9B1BC7F20A001A6657 /* TestTask */,
				29F6CC9A1BC7F20A001A6657 /* Products */,
			);
			sourceTree = "<group>";
		};
		29F6CC9A1BC7F20A001A6657 /* Products */ = {
			isa = PBXGroup;
			children = (
				29F6CC991BC7F20A001A6657 /* TestTask.app */,
			);
			name = Products;
			sourceTree = "<group>";
		};
		29F6CC9B1BC7F20A001A6657 /* TestTask */ = {
			isa = PBXGroup;
			children = (
				29F6CC9F1BC7F20B001A6657 /* AppDelegate.h */,
				29F6CCA01BC7F20B001A6657 /* AppDelegate.m */,
				29F6CCA21BC7F20B001A6657 /* ViewController.h */,
				29F6CCA31BC7F20B001A6657 /* ViewController.m */,
				29F6CCA51BC7F20B001A6657 /* Main.storyboard */,
				29F6CCA81BC7F20B001A6657 /* Assets.xcassets */,
				29F6CCAA1BC7F20B001A6657 /* LaunchScreen.storyboard */,
				29F6CCAD1BC7F20B001A6657 /* Info.plist */,
				29F6CC9C1BC7F20A001A6657 /* Supporting Files */,
			);
			path = TestTask;
			sourceTree = "<group>";
		};
		29F6CC9C1BC7F20A001A6657 /* Supporting Files */ = {
			isa = PBXGroup;
			children = (
				29F6CC9D1BC7F20B001A6657 /* main.m */,
			);
			name = "Supporting Files";
			sourceTree = "<group>";
		};
/* End PBXGroup section */

/* Begin PBXNativeTarget section */
		29F6CC981BC7F20A001A6657 /* TestTask */ = {
			isa = PBXNativeTarget;
			buildConfigurationList = 29F6CCB01BC7F20B001A6657 /* Build configuration list for PBXNativeTarget "TestTask" */;
			buildPhases = (
				29F6CC951BC7F20A001A6657 /* Sources */,
				29F6CC961BC7F20A001A6657 /* Frameworks */,
				29F6CC971BC7F20A001A6657 /* Resources */,
			);
			buildRules = (
			);
			dependencies = (
			);
			name = TestTask;
			productName = TestTask;
			productReference = 29F6CC991BC7F20A001A6657 /* TestTask.app */;
			productType = "com.apple.product-type.application";
		};
/* End PBXNativeTarget section */

/* Begin PBXProject section */
		29F6CC911BC7F20A001A6657 /* Project object */ = {
			isa = PBXProject;
			attributes = {
				LastUpgradeCheck = 0700;
				ORGANIZATIONNAME = "Игорь Веденеев";
				TargetAttributes = {
					29F6CC981BC7F20A001A6657 = {
						CreatedOnToolsVersion = 7.0;
						DevelopmentTeam = UPSRUYXAMU;
					};
				};
			};
			buildConfigurationList = 29F6CC941BC7F20A001A6657 /* Build configuration list for PBXProject "TestTask" */;
			compatibilityVersion = "Xcode 3.2";
			developmentRegion = English;
			hasScannedForEncodings = 0;
			knownRegions = (
				en,
				Base,
			);
			mainGroup = 29F6CC901BC7F20A001A6657;
			productRefGroup = 29F6CC9A1BC7F20A001A6657 /* Products */;
			projectDirPath = "";
			projectRoot = "";
			targets = (
				29F6CC981BC7F20A001A6657 /* TestTask */,
			);
		};
/* End PBXProject section */

/* Begin PBXResourcesBuildPhase section */
		29F6CC971BC7F20A001A6657 /* Resources */ = {
			isa = PBXResourcesBuildPhase;
			buildActionMask = 2147483647;
			files = (
				29F6CCAC1BC7F20B001A6657 /* LaunchScreen.storyboard in Resources */,
				29F6CCA91BC7F20B001A6657 /* Assets.xcassets in Resources */,
				29F6CCA71BC7F20B001A6657 /* Main.storyboard in Resources */,
			);
			runOnlyForDeploymentPostprocessing = 0;
		};
/* End PBXResourcesBuildPhase section */

/* Begin PBXSourcesBuildPhase section */
		29F6CC951BC7F20A001A6657 /* Sources */ = {
			isa = PBXSourcesBuildPhase;
			buildActionMask = 2147483647;
			files = (
				29F6CCA41BC7F20B001A6657 /* ViewController.m in Sources */,
				29F6CCA11BC7F20B001A6657 /* AppDelegate.m in Sources */,
				29F6CC9E1BC7F20B001A6657 /* main.m in Sources */,
			);
			runOnlyForDeploymentPostprocessing = 0;
		};
/* End PBXSourcesBuildPhase section */

/* Begin PBXVariantGroup section */
		29F6CCA51BC7F20B001A6657 /* Main.storyboard */ = {
			isa = PBXVariantGroup;
			children = (
				29F6CCA61BC7F20B001A6657 /* Base */,
			);
			name = Main.storyboard;
			sourceTree = "<group>";
		};
		29F6CCAA1BC7F20B001A6657 /* LaunchScreen.storyboard */ = {
			isa = PBXVariantGroup;
			children = (
				29F6CCAB1BC7F20B001A6657 /* Base */,
			);
			name = LaunchScreen.storyboard;
			sourceTree = "<group>";
		};
/* End PBXVariantGroup section */

/* Begin XCBuildConfiguration section */
		29F6CCAE1BC7F20B001A6657 /* Debug */ = {
			isa = XCBuildConfiguration;
			buildSettings = {
				ALWAYS_SEARCH_USER_PATHS = NO;
				CLANG_CXX_LANGUAGE_STANDARD = "gnu++0x";
				CLANG_CXX_LIBRARY = "libc++";
				CLANG_ENABLE_MODULES = YES;
				CLANG_ENABLE_OBJC_ARC = YES;
				CLANG_WARN_BOOL_CONVERSION = YES;
				CLANG_WARN_CONSTANT_CONVERSION = YES;
				CLANG_WARN_DIRECT_OBJC_ISA_USAGE = YES_ERROR;
				CLANG_WARN_EMPTY_BODY = YES;
				CLANG_WARN_ENUM_CONVERSION = YES;
				CLANG_WARN_INT_CONVERSION = YES;
				CLANG_WARN_OBJC_ROOT_CLASS = YES_ERROR;
				CLANG_WARN_UNREACHABLE_CODE = YES;
				CLANG_WARN__DUPLICATE_METHOD_MATCH = YES;
				"CODE_SIGN_IDENTITY[sdk=iphoneos*]" = "iPhone Developer";
				COPY_PHASE_STRIP = NO;
				DEBUG_INFORMATION_FORMAT = dwarf;
				ENABLE_STRICT_OBJC_MSGSEND = YES;
				ENABLE_TESTABILITY = YES;
				GCC_C_LANGUAGE_STANDARD = gnu99;
				GCC_DYNAMIC_NO_PIC = NO;
				GCC_NO_COMMON_BLOCKS = YES;
				GCC_OPTIMIZATION_LEVEL = 0;
				GCC_PREPROCESSOR_DEFINITIONS = (
					"DEBUG=1",
					"$(inherited)",
				);
				GCC_WARN_64_TO_32_BIT_CONVERSION = YES;
				GCC_WARN_ABOUT_RETURN_TYPE = YES_ERROR;
				GCC_WARN_UNDECLARED_SELECTOR = YES;
				GCC_WARN_UNINITIALIZED_AUTOS = YES_AGGRESSIVE;
				GCC_WARN_UNUSED_FUNCTION = YES;
				GCC_WARN_UNUSED_VARIABLE = YES;
				IPHONEOS_DEPLOYMENT_TARGET = 9.0;
				MTL_ENABLE_DEBUG_INFO = YES;
				ONLY_ACTIVE_ARCH = YES;
				SDKROOT = iphoneos;
			};
			name = Debug;
		};
		29F6CCAF1BC7F20B001A6657 /* Release */ = {
			isa = XCBuildConfiguration;
			buildSettings = {
				ALWAYS_SEARCH_USER_PATHS = NO;
				CLANG_CXX_LANGUAGE_STANDARD = "gnu++0x";
				CLANG_CXX_LIBRARY = "libc++";
				CLANG_ENABLE_MODULES = YES;
				CLANG_ENABLE_OBJC_ARC = YES;
				CLANG_WARN_BOOL_CONVERSION = YES;
				CLANG_WARN_CONSTANT_CONVERSION = YES;
				CLANG_WARN_DIRECT_OBJC_ISA_USAGE = YES_ERROR;
				CLANG_WARN_EMPTY_BODY = YES;
				CLANG_WARN_ENUM_CONVERSION = YES;
				CLANG_WARN_INT_CONVERSION = YES;
				CLANG_WARN_OBJC_ROOT_CLASS = YES_ERROR;
				CLANG_WARN_UNREACHABLE_CODE = YES;
				CLANG_WARN__DUPLICATE_METHOD_MATCH = YES;
				"CODE_SIGN_IDENTITY[sdk=iphoneos*]" = "iPhone Developer";
				COPY_PHASE_STRIP = NO;
				DEBUG_INFORMATION_FORMAT = "dwarf-with-dsym";
				ENABLE_NS_ASSERTIONS = NO;
				ENABLE_STRICT_OBJC_MSGSEND = YES;
				GCC_C_LANGUAGE_STANDARD = gnu99;
				GCC_NO_COMMON_BLOCKS = YES;
				GCC_WARN_64_TO_32_BIT_CONVERSION = YES;
				GCC_WARN_ABOUT_RETURN_TYPE = YES_ERROR;
				GCC_WARN_UNDECLARED_SELECTOR = YES;
				GCC_WARN_UNINITIALIZED_AUTOS = YES_AGGRESSIVE;
				GCC_WARN_UNUSED_FUNCTION = YES;
				GCC_WARN_UNUSED_VARIABLE = YES;
				IPHONEOS_DEPLOYMENT_TARGET = 9.0;
				MTL_ENABLE_DEBUG_INFO = NO;
				SDKROOT = iphoneos;
				VALIDATE_PRODUCT = YES;
			};
			name = Release;
		};
		29F6CCB11BC7F20B001A6657 /* Debug */ = {
			isa = XCBuildConfiguration;
			buildSettings = {
				ASSETCATALOG_COMPILER_APPICON_NAME = AppIcon;
				INFOPLIST_FILE = TestTask/Info.plist;
				LD_RUNPATH_SEARCH_PATHS = "$(inherited) @executable_path/Frameworks";
				PRODUCT_BUNDLE_IDENTIFIER = iv.TestTask;
				PRODUCT_NAME = "$(TARGET_NAME)";
			};
			name = Debug;
		};
		29F6CCB21BC7F20B001A6657 /* Release */ = {
			isa = XCBuildConfiguration;
			buildSettings = {
				ASSETCATALOG_COMPILER_APPICON_NAME = AppIcon;
				INFOPLIST_FILE = TestTask/Info.plist;
				LD_RUNPATH_SEARCH_PATHS = "$(inherited) @executable_path/Frameworks";
				PRODUCT_BUNDLE_IDENTIFIER = iv.TestTask;
				PRODUCT_NAME = "$(TARGET_NAME)";
			};
			name = Release;
		};
/* End XCBuildConfiguration section */

/* Begin XCConfigurationList section */
		29F6CC941BC7F20A001A6657 /* Build configuration list for PBXProject "TestTask" */ = {
			isa = XCConfigurationList;
			buildConfigurations = (
				29F6CCAE1BC7F20B001A6657 /* Debug */,
				29F6CCAF1BC7F20B001A6657 /* Release */,
			);
			defaultConfigurationIsVisible = 0;
			defaultConfigurationName = Release;
		};
		29F6CCB01BC7F20B001A6657 /* Build configuration list for PBXNativeTarget "TestTask" */ = {
			isa = XCConfigurationList;
			buildConfigurations = (
				29F6CCB11BC7F20B001A6657 /* Debug */,
				29F6CCB21BC7F20B001A6657 /* Release */,
			);
			defaultConfigurationIsVisible = 0;
		};
/* End XCConfigurationList section */
	};
	rootObject = 29F6CC911BC7F20A001A6657 /* Project object */;
}
